
Microsoft Visual Studio Solution File, Format Version 12.00
# Visual Studio Version 17
VisualStudioVersion = 17.4.33213.308
MinimumVisualStudioVersion = 10.0.40219.1
Project("{FAE04EC0-301F-11D3-BF4B-00C04F79EFBC}") = "WPFEvent", "WPFEvent\WPFEvent.csproj", "{37F49D56-F9CD-4648-BC46-FA7E822EAAC5}"
EndProject
Global
	GlobalSection(SolutionConfigurationPlatforms) = preSolution
		Debug|Any CPU = Debug|Any CPU
		Release|Any CPU = Release|Any CPU
	EndGlobalSection
	GlobalSection(ProjectConfigurationPlatforms) = postSolution
		{37F49D56-F9CD-4648-BC46-FA7E822EAAC5}.Debug|Any CPU.ActiveCfg = Debug|Any CPU
		{37F49D56-F9CD-4648-BC46-FA7E822EAAC5}.Debug|Any CPU.Build.0 = Debug|Any CPU
		{37F49D56-F9CD-4648-BC46-FA7E822EAAC5}.Release|Any CPU.ActiveCfg = Release|Any CPU
		{37F49D56-F9CD-4648-BC46-FA7E822EAAC5}.Release|Any CPU.Build.0 = Release|Any CPU
	EndGlobalSection
	GlobalSection(SolutionProperties) = preSolution
		HideSolutionNode = FALSE
	EndGlobalSection
	GlobalSection(ExtensibilityGlobals) = postSolution
		SolutionGuid = {E93DFA77-252D-44A9-8A53-2A38DCF7EB4B}
	EndGlobalSection
EndGlobal
